
Microsoft Visual Studio Solution File, Format Version 12.00
# Visual Studio 15
VisualStudioVersion = 15.0.28307.329
MinimumVisualStudioVersion = 10.0.40219.1
Project("{FAE04EC0-301F-11D3-BF4B-00C04F79EFBC}") = "AsistenteJudicialApp.Android", "AsistenteJudicialApp\AsistenteJudicialApp.Android\AsistenteJudicialApp.Android.csproj", "{17157CA1-3CF5-4E03-83F8-36DFFDFC577C}"
EndProject
Project("{FAE04EC0-301F-11D3-BF4B-00C04F79EFBC}") = "AsistenteJudicialApp.iOS", "AsistenteJudicialApp\AsistenteJudicialApp.iOS\AsistenteJudicialApp.iOS.csproj", "{04D908B0-CA8F-4EDD-B1AC-773783F99998}"
EndProject
Project("{FAE04EC0-301F-11D3-BF4B-00C04F79EFBC}") = "AsistenteJudicialApp", "AsistenteJudicialApp\AsistenteJudicialApp\AsistenteJudicialApp.csproj", "{D39565F4-3AC0-4B4B-9D3A-3ACC979401DD}"
EndProject
Global
	GlobalSection(SolutionConfigurationPlatforms) = preSolution
		Ad-Hoc|Any CPU = Ad-Hoc|Any CPU
		Ad-Hoc|iPhone = Ad-Hoc|iPhone
		Ad-Hoc|iPhoneSimulator = Ad-Hoc|iPhoneSimulator
		AppStore|Any CPU = AppStore|Any CPU
		AppStore|iPhone = AppStore|iPhone
		AppStore|iPhoneSimulator = AppStore|iPhoneSimulator
		Debug|Any CPU = Debug|Any CPU
		Debug|iPhone = Debug|iPhone
		Debug|iPhoneSimulator = Debug|iPhoneSimulator
		Release|Any CPU = Release|Any CPU
		Release|iPhone = Release|iPhone
		Release|iPhoneSimulator = Release|iPhoneSimulator
	EndGlobalSection
	GlobalSection(ProjectConfigurationPlatforms) = postSolution
		{17157CA1-3CF5-4E03-83F8-36DFFDFC577C}.Ad-Hoc|Any CPU.ActiveCfg = Release|Any CPU
		{17157CA1-3CF5-4E03-83F8-36DFFDFC577C}.Ad-Hoc|Any CPU.Build.0 = Release|Any CPU
		{17157CA1-3CF5-4E03-83F8-36DFFDFC577C}.Ad-Hoc|Any CPU.Deploy.0 = Release|Any CPU
		{17157CA1-3CF5-4E03-83F8-36DFFDFC577C}.Ad-Hoc|iPhone.ActiveCfg = Release|Any CPU
		{17157CA1-3CF5-4E03-83F8-36DFFDFC577C}.Ad-Hoc|iPhone.Build.0 = Release|Any CPU
		{17157CA1-3CF5-4E03-83F8-36DFFDFC577C}.Ad-Hoc|iPhone.Deploy.0 = Release|Any CPU
		{17157CA1-3CF5-4E03-83F8-36DFFDFC577C}.Ad-Hoc|iPhoneSimulator.ActiveCfg = Release|Any CPU
		{17157CA1-3CF5-4E03-83F8-36DFFDFC577C}.Ad-Hoc|iPhoneSimulator.Build.0 = Release|Any CPU
		{17157CA1-3CF5-4E03-83F8-36DFFDFC577C}.Ad-Hoc|iPhoneSimulator.Deploy.0 = Release|Any CPU
		{17157CA1-3CF5-4E03-83F8-36DFFDFC577C}.AppStore|Any CPU.ActiveCfg = Release|Any CPU
		{17157CA1-3CF5-4E03-83F8-36DFFDFC577C}.AppStore|Any CPU.Build.0 = Release|Any CPU
		{17157CA1-3CF5-4E03-83F8-36DFFDFC577C}.AppStore|Any CPU.Deploy.0 = Release|Any CPU
		{17157CA1-3CF5-4E03-83F8-36DFFDFC577C}.AppStore|iPhone.ActiveCfg = Release|Any CPU
		{17157CA1-3CF5-4E03-83F8-36DFFDFC577C}.AppStore|iPhone.Build.0 = Release|Any CPU
		{17157CA1-3CF5-4E03-83F8-36DFFDFC577C}.AppStore|iPhone.Deploy.0 = Release|Any CPU
		{17157CA1-3CF5-4E03-83F8-36DFFDFC577C}.AppStore|iPhoneSimulator.ActiveCfg = Release|Any CPU
		{17157CA1-3CF5-4E03-83F8-36DFFDFC577C}.AppStore|iPhoneSimulator.Build.0 = Release|Any CPU
		{17157CA1-3CF5-4E03-83F8-36DFFDFC577C}.AppStore|iPhoneSimulator.Deploy.0 = Release|Any CPU
		{17157CA1-3CF5-4E03-83F8-36DFFDFC577C}.Debug|Any CPU.ActiveCfg = Debug|Any CPU
		{17157CA1-3CF5-4E03-83F8-36DFFDFC577C}.Debug|Any CPU.Build.0 = Debug|Any CPU
		{17157CA1-3CF5-4E03-83F8-36DFFDFC577C}.Debug|Any CPU.Deploy.0 = Debug|Any CPU
		{17157CA1-3CF5-4E03-83F8-36DFFDFC577C}.Debug|iPhone.ActiveCfg = Debug|Any CPU
		{17157CA1-3CF5-4E03-83F8-36DFFDFC577C}.Debug|iPhone.Build.0 = Debug|Any CPU
		{17157CA1-3CF5-4E03-83F8-36DFFDFC577C}.Debug|iPhone.Deploy.0 = Debug|Any CPU
		{17157CA1-3CF5-4E03-83F8-36DFFDFC577C}.Debug|iPhoneSimulator.ActiveCfg = Debug|Any CPU
		{17157CA1-3CF5-4E03-83F8-36DFFDFC577C}.Debug|iPhoneSimulator.Build.0 = Debug|Any CPU
		{17157CA1-3CF5-4E03-83F8-36DFFDFC577C}.Debug|iPhoneSimulator.Deploy.0 = Debug|Any CPU
		{17157CA1-3CF5-4E03-83F8-36DFFDFC577C}.Release|Any CPU.ActiveCfg = Release|Any CPU
		{17157CA1-3CF5-4E03-83F8-36DFFDFC577C}.Release|Any CPU.Build.0 = Release|Any CPU
		{17157CA1-3CF5-4E03-83F8-36DFFDFC577C}.Release|Any CPU.Deploy.0 = Release|Any CPU
		{17157CA1-3CF5-4E03-83F8-36DFFDFC577C}.Release|iPhone.ActiveCfg = Release|Any CPU
		{17157CA1-3CF5-4E03-83F8-36DFFDFC577C}.Release|iPhone.Build.0 = Release|Any CPU
		{17157CA1-3CF5-4E03-83F8-36DFFDFC577C}.Release|iPhone.Deploy.0 = Release|Any CPU
		{17157CA1-3CF5-4E03-83F8-36DFFDFC577C}.Release|iPhoneSimulator.ActiveCfg = Release|Any CPU
		{17157CA1-3CF5-4E03-83F8-36DFFDFC577C}.Release|iPhoneSimulator.Build.0 = Release|Any CPU
		{17157CA1-3CF5-4E03-83F8-36DFFDFC577C}.Release|iPhoneSimulator.Deploy.0 = Release|Any CPU
		{04D908B0-CA8F-4EDD-B1AC-773783F99998}.Ad-Hoc|Any CPU.ActiveCfg = Ad-Hoc|iPhone
		{04D908B0-CA8F-4EDD-B1AC-773783F99998}.Ad-Hoc|Any CPU.Build.0 = Ad-Hoc|iPhone
		{04D908B0-CA8F-4EDD-B1AC-773783F99998}.Ad-Hoc|Any CPU.Deploy.0 = Ad-Hoc|iPhone
		{04D908B0-CA8F-4EDD-B1AC-773783F99998}.Ad-Hoc|iPhone.ActiveCfg = Ad-Hoc|iPhone
		{04D908B0-CA8F-4EDD-B1AC-773783F99998}.Ad-Hoc|iPhone.Build.0 = Ad-Hoc|iPhone
		{04D908B0-CA8F-4EDD-B1AC-773783F99998}.Ad-Hoc|iPhone.Deploy.0 = Ad-Hoc|iPhone
		{04D908B0-CA8F-4EDD-B1AC-773783F99998}.Ad-Hoc|iPhoneSimulator.ActiveCfg = Ad-Hoc|iPhoneSimulator
		{04D908B0-CA8F-4EDD-B1AC-773783F99998}.Ad-Hoc|iPhoneSimulator.Build.0 = Ad-Hoc|iPhoneSimulator
		{04D908B0-CA8F-4EDD-B1AC-773783F99998}.Ad-Hoc|iPhoneSimulator.Deploy.0 = Ad-Hoc|iPhoneSimulator
		{04D908B0-CA8F-4EDD-B1AC-773783F99998}.AppStore|Any CPU.ActiveCfg = AppStore|iPhone
		{04D908B0-CA8F-4EDD-B1AC-773783F99998}.AppStore|Any CPU.Build.0 = AppStore|iPhone
		{04D908B0-CA8F-4EDD-B1AC-773783F99998}.AppStore|Any CPU.Deploy.0 = AppStore|iPhone
		{04D908B0-CA8F-4EDD-B1AC-773783F99998}.AppStore|iPhone.ActiveCfg = AppStore|iPhone
		{04D908B0-CA8F-4EDD-B1AC-773783F99998}.AppStore|iPhone.Build.0 = AppStore|iPhone
		{04D908B0-CA8F-4EDD-B1AC-773783F99998}.AppStore|iPhone.Deploy.0 = AppStore|iPhone
		{04D908B0-CA8F-4EDD-B1AC-773783F99998}.AppStore|iPhoneSimulator.ActiveCfg = AppStore|iPhoneSimulator
		{04D908B0-CA8F-4EDD-B1AC-773783F99998}.AppStore|iPhoneSimulator.Build.0 = AppStore|iPhoneSimulator
		{04D908B0-CA8F-4EDD-B1AC-773783F99998}.AppStore|iPhoneSimulator.Deploy.0 = AppStore|iPhoneSimulator
		{04D908B0-CA8F-4EDD-B1AC-773783F99998}.Debug|Any CPU.ActiveCfg = Debug|iPhoneSimulator
		{04D908B0-CA8F-4EDD-B1AC-773783F99998}.Debug|Any CPU.Build.0 = Debug|iPhoneSimulator
		{04D908B0-CA8F-4EDD-B1AC-773783F99998}.Debug|Any CPU.Deploy.0 = Debug|iPhoneSimulator
		{04D908B0-CA8F-4EDD-B1AC-773783F99998}.Debug|iPhone.ActiveCfg = Debug|iPhone
		{04D908B0-CA8F-4EDD-B1AC-773783F99998}.Debug|iPhone.Build.0 = Debug|iPhone
		{04D908B0-CA8F-4EDD-B1AC-773783F99998}.Debug|iPhone.Deploy.0 = Debug|iPhone
		{04D908B0-CA8F-4EDD-B1AC-773783F99998}.Debug|iPhoneSimulator.ActiveCfg = Debug|iPhoneSimulator
		{04D908B0-CA8F-4EDD-B1AC-773783F99998}.Debug|iPhoneSimulator.Build.0 = Debug|iPhoneSimulator
		{04D908B0-CA8F-4EDD-B1AC-773783F99998}.Debug|iPhoneSimulator.Deploy.0 = Debug|iPhoneSimulator
		{04D908B0-CA8F-4EDD-B1AC-773783F99998}.Release|Any CPU.ActiveCfg = Release|iPhone
		{04D908B0-CA8F-4EDD-B1AC-773783F99998}.Release|Any CPU.Build.0 = Release|iPhone
		{04D908B0-CA8F-4EDD-B1AC-773783F99998}.Release|Any CPU.Deploy.0 = Release|iPhone
		{04D908B0-CA8F-4EDD-B1AC-773783F99998}.Release|iPhone.ActiveCfg = Release|iPhone
		{04D908B0-CA8F-4EDD-B1AC-773783F99998}.Release|iPhone.Build.0 = Release|iPhone
		{04D908B0-CA8F-4EDD-B1AC-773783F99998}.Release|iPhone.Deploy.0 = Release|iPhone
		{04D908B0-CA8F-4EDD-B1AC-773783F99998}.Release|iPhoneSimulator.ActiveCfg = Release|iPhoneSimulator
		{04D908B0-CA8F-4EDD-B1AC-773783F99998}.Release|iPhoneSimulator.Build.0 = Release|iPhoneSimulator
		{04D908B0-CA8F-4EDD-B1AC-773783F99998}.Release|iPhoneSimulator.Deploy.0 = Release|iPhoneSimulator
		{D39565F4-3AC0-4B4B-9D3A-3ACC979401DD}.Ad-Hoc|Any CPU.ActiveCfg = Debug|Any CPU
		{D39565F4-3AC0-4B4B-9D3A-3ACC979401DD}.Ad-Hoc|Any CPU.Build.0 = Debug|Any CPU
		{D39565F4-3AC0-4B4B-9D3A-3ACC979401DD}.Ad-Hoc|Any CPU.Deploy.0 = Debug|Any CPU
		{D39565F4-3AC0-4B4B-9D3A-3ACC979401DD}.Ad-Hoc|iPhone.ActiveCfg = Debug|Any CPU
		{D39565F4-3AC0-4B4B-9D3A-3ACC979401DD}.Ad-Hoc|iPhone.Build.0 = Debug|Any CPU
		{D39565F4-3AC0-4B4B-9D3A-3ACC979401DD}.Ad-Hoc|iPhone.Deploy.0 = Debug|Any CPU
		{D39565F4-3AC0-4B4B-9D3A-3ACC979401DD}.Ad-Hoc|iPhoneSimulator.ActiveCfg = Debug|Any CPU
		{D39565F4-3AC0-4B4B-9D3A-3ACC979401DD}.Ad-Hoc|iPhoneSimulator.Build.0 = Debug|Any CPU
		{D39565F4-3AC0-4B4B-9D3A-3ACC979401DD}.Ad-Hoc|iPhoneSimulator.Deploy.0 = Debug|Any CPU
		{D39565F4-3AC0-4B4B-9D3A-3ACC979401DD}.AppStore|Any CPU.ActiveCfg = Debug|Any CPU
		{D39565F4-3AC0-4B4B-9D3A-3ACC979401DD}.AppStore|Any CPU.Build.0 = Debug|Any CPU
		{D39565F4-3AC0-4B4B-9D3A-3ACC979401DD}.AppStore|Any CPU.Deploy.0 = Debug|Any CPU
		{D39565F4-3AC0-4B4B-9D3A-3ACC979401DD}.AppStore|iPhone.ActiveCfg = Debug|Any CPU
		{D39565F4-3AC0-4B4B-9D3A-3ACC979401DD}.AppStore|iPhone.Build.0 = Debug|Any CPU
		{D39565F4-3AC0-4B4B-9D3A-3ACC979401DD}.AppStore|iPhone.Deploy.0 = Debug|Any CPU
		{D39565F4-3AC0-4B4B-9D3A-3ACC979401DD}.AppStore|iPhoneSimulator.ActiveCfg = Debug|Any CPU
		{D39565F4-3AC0-4B4B-9D3A-3ACC979401DD}.AppStore|iPhoneSimulator.Build.0 = Debug|Any CPU
		{D39565F4-3AC0-4B4B-9D3A-3ACC979401DD}.AppStore|iPhoneSimulator.Deploy.0 = Debug|Any CPU
		{D39565F4-3AC0-4B4B-9D3A-3ACC979401DD}.Debug|Any CPU.ActiveCfg = Debug|Any CPU
		{D39565F4-3AC0-4B4B-9D3A-3ACC979401DD}.Debug|Any CPU.Build.0 = Debug|Any CPU
		{D39565F4-3AC0-4B4B-9D3A-3ACC979401DD}.Debug|Any CPU.Deploy.0 = Debug|Any CPU
		{D39565F4-3AC0-4B4B-9D3A-3ACC979401DD}.Debug|iPhone.ActiveCfg = Debug|Any CPU
		{D39565F4-3AC0-4B4B-9D3A-3ACC979401DD}.Debug|iPhone.Build.0 = Debug|Any CPU
		{D39565F4-3AC0-4B4B-9D3A-3ACC979401DD}.Debug|iPhone.Deploy.0 = Debug|Any CPU
		{D39565F4-3AC0-4B4B-9D3A-3ACC979401DD}.Debug|iPhoneSimulator.ActiveCfg = Debug|Any CPU
		{D39565F4-3AC0-4B4B-9D3A-3ACC979401DD}.Debug|iPhoneSimulator.Build.0 = Debug|Any CPU
		{D39565F4-3AC0-4B4B-9D3A-3ACC979401DD}.Debug|iPhoneSimulator.Deploy.0 = Debug|Any CPU
		{D39565F4-3AC0-4B4B-9D3A-3ACC979401DD}.Release|Any CPU.ActiveCfg = Release|Any CPU
		{D39565F4-3AC0-4B4B-9D3A-3ACC979401DD}.Release|Any CPU.Build.0 = Release|Any CPU
		{D39565F4-3AC0-4B4B-9D3A-3ACC979401DD}.Release|Any CPU.Deploy.0 = Release|Any CPU
		{D39565F4-3AC0-4B4B-9D3A-3ACC979401DD}.Release|iPhone.ActiveCfg = Release|Any CPU
		{D39565F4-3AC0-4B4B-9D3A-3ACC979401DD}.Release|iPhone.Build.0 = Release|Any CPU
		{D39565F4-3AC0-4B4B-9D3A-3ACC979401DD}.Release|iPhone.Deploy.0 = Release|Any CPU
		{D39565F4-3AC0-4B4B-9D3A-3ACC979401DD}.Release|iPhoneSimulator.ActiveCfg = Release|Any CPU
		{D39565F4-3AC0-4B4B-9D3A-3ACC979401DD}.Release|iPhoneSimulator.Build.0 = Release|Any CPU
		{D39565F4-3AC0-4B4B-9D3A-3ACC979401DD}.Release|iPhoneSimulator.Deploy.0 = Release|Any CPU
	EndGlobalSection
	GlobalSection(SolutionProperties) = preSolution
		HideSolutionNode = FALSE
	EndGlobalSection
	GlobalSection(ExtensibilityGlobals) = postSolution
		SolutionGuid = {7874B502-9A97-4D3B-B4E6-29905404E4F1}
	EndGlobalSection
EndGlobal
